
Microsoft Visual Studio Solution File, Format Version 12.00
# Visual Studio Version 16
VisualStudioVersion = 16.0.30114.105
MinimumVisualStudioVersion = 10.0.40219.1
Project("{FAE04EC0-301F-11D3-BF4B-00C04F79EFBC}") = "CloudTek.Build", "src\CloudTek.Build\CloudTek.Build.csproj", "{F124FC31-C4A7-4C80-95C2-1425C89FC311}"
EndProject
Project("{FAE04EC0-301F-11D3-BF4B-00C04F79EFBC}") = "_build", "build\_build.csproj", "{BA02645E-6E5A-4D2C-AB9C-333CB44295A8}"
EndProject
Project("{FAE04EC0-301F-11D3-BF4B-00C04F79EFBC}") = "CloudTek.Testing", "src\CloudTek.Testing\CloudTek.Testing.csproj", "{9922F69E-6356-431C-B14C-4D75A8CAC916}"
EndProject
Project("{FAE04EC0-301F-11D3-BF4B-00C04F79EFBC}") = "CloudTek.Git", "src\CloudTek.Git\CloudTek.Git.csproj", "{0356FE25-92CB-40ED-99B5-7468FBC5E103}"
EndProject
Project("{FAE04EC0-301F-11D3-BF4B-00C04F79EFBC}") = "CloudTek.Git.Tests", "tests\CloudTek.Git.Tests\CloudTek.Git.Tests.csproj", "{D2584BD5-61CB-4017-9901-4762648761BF}"
EndProject
Project("{2150E333-8FDC-42A3-9474-1A3956D46DE8}") = "tests", "tests", "{122BAE95-24DE-4C31-B0EE-B5D160B6192B}"
EndProject
Project("{FAE04EC0-301F-11D3-BF4B-00C04F79EFBC}") = "CloudTek.Testing.Tests", "tests\CloudTek.Testing.Tests\CloudTek.Testing.Tests.csproj", "{86252E7B-8F95-4724-BD64-E983A572AAFC}"
EndProject
Project("{FAE04EC0-301F-11D3-BF4B-00C04F79EFBC}") = "CloudTek.Build.Tool", "src\CloudTek.Build.Tool\CloudTek.Build.Tool.csproj", "{199BBE82-46CB-449E-9CA8-F84121F02A79}"
EndProject
Global
	GlobalSection(SolutionConfigurationPlatforms) = preSolution
		Debug|Any CPU = Debug|Any CPU
		Release|Any CPU = Release|Any CPU
	EndGlobalSection
	GlobalSection(SolutionProperties) = preSolution
		HideSolutionNode = FALSE
	EndGlobalSection
	GlobalSection(ProjectConfigurationPlatforms) = postSolution
		{F124FC31-C4A7-4C80-95C2-1425C89FC311}.Debug|Any CPU.ActiveCfg = Debug|Any CPU
		{F124FC31-C4A7-4C80-95C2-1425C89FC311}.Debug|Any CPU.Build.0 = Debug|Any CPU
		{F124FC31-C4A7-4C80-95C2-1425C89FC311}.Release|Any CPU.ActiveCfg = Release|Any CPU
		{F124FC31-C4A7-4C80-95C2-1425C89FC311}.Release|Any CPU.Build.0 = Release|Any CPU
		{BA02645E-6E5A-4D2C-AB9C-333CB44295A8}.Debug|Any CPU.ActiveCfg = Debug|Any CPU
		{BA02645E-6E5A-4D2C-AB9C-333CB44295A8}.Debug|Any CPU.Build.0 = Debug|Any CPU
		{BA02645E-6E5A-4D2C-AB9C-333CB44295A8}.Release|Any CPU.ActiveCfg = Release|Any CPU
		{BA02645E-6E5A-4D2C-AB9C-333CB44295A8}.Release|Any CPU.Build.0 = Release|Any CPU
		{9922F69E-6356-431C-B14C-4D75A8CAC916}.Debug|Any CPU.ActiveCfg = Debug|Any CPU
		{9922F69E-6356-431C-B14C-4D75A8CAC916}.Debug|Any CPU.Build.0 = Debug|Any CPU
		{9922F69E-6356-431C-B14C-4D75A8CAC916}.Release|Any CPU.ActiveCfg = Release|Any CPU
		{9922F69E-6356-431C-B14C-4D75A8CAC916}.Release|Any CPU.Build.0 = Release|Any CPU
		{0356FE25-92CB-40ED-99B5-7468FBC5E103}.Debug|Any CPU.ActiveCfg = Debug|Any CPU
		{0356FE25-92CB-40ED-99B5-7468FBC5E103}.Debug|Any CPU.Build.0 = Debug|Any CPU
		{0356FE25-92CB-40ED-99B5-7468FBC5E103}.Release|Any CPU.ActiveCfg = Release|Any CPU
		{0356FE25-92CB-40ED-99B5-7468FBC5E103}.Release|Any CPU.Build.0 = Release|Any CPU
		{D2584BD5-61CB-4017-9901-4762648761BF}.Debug|Any CPU.ActiveCfg = Debug|Any CPU
		{D2584BD5-61CB-4017-9901-4762648761BF}.Debug|Any CPU.Build.0 = Debug|Any CPU
		{D2584BD5-61CB-4017-9901-4762648761BF}.Release|Any CPU.ActiveCfg = Release|Any CPU
		{D2584BD5-61CB-4017-9901-4762648761BF}.Release|Any CPU.Build.0 = Release|Any CPU
		{86252E7B-8F95-4724-BD64-E983A572AAFC}.Debug|Any CPU.ActiveCfg = Debug|Any CPU
		{86252E7B-8F95-4724-BD64-E983A572AAFC}.Debug|Any CPU.Build.0 = Debug|Any CPU
		{86252E7B-8F95-4724-BD64-E983A572AAFC}.Release|Any CPU.ActiveCfg = Release|Any CPU
		{86252E7B-8F95-4724-BD64-E983A572AAFC}.Release|Any CPU.Build.0 = Release|Any CPU
		{199BBE82-46CB-449E-9CA8-F84121F02A79}.Debug|Any CPU.ActiveCfg = Debug|Any CPU
		{199BBE82-46CB-449E-9CA8-F84121F02A79}.Debug|Any CPU.Build.0 = Debug|Any CPU
		{199BBE82-46CB-449E-9CA8-F84121F02A79}.Release|Any CPU.ActiveCfg = Release|Any CPU
		{199BBE82-46CB-449E-9CA8-F84121F02A79}.Release|Any CPU.Build.0 = Release|Any CPU
	EndGlobalSection
	GlobalSection(NestedProjects) = preSolution
		{86252E7B-8F95-4724-BD64-E983A572AAFC} = {122BAE95-24DE-4C31-B0EE-B5D160B6192B}
	EndGlobalSection
EndGlobal
